{
  "name": "test",
  "version": "1.0.0",
  "lockfileVersion": 1,
  "requires": true,
  "dependencies": {
    "pro-download": {
      "version": "1.0.1",
      "resolved": "https://registry.npmjs.org/pro-download/-/pro-download-1.0.1.tgz",
      "integrity": "sha512-gGqxmwI95zQw4DAdCnis45hR6XFvqBWEYBm7Wp7KFMIPE7raSNYK+I1Nh0O/15GKH4GC77I+KV0uR9CoG3Fkdw=="
    }
  }
}
