# THIS IS AN AUTOGENERATED FILE. DO NOT EDIT THIS FILE DIRECTLY.
# yarn lockfile v1


pro-download@^1.0.1:
  version "1.0.1"
  resolved "https://registry.npm.taobao.org/pro-download/download/pro-download-1.0.1.tgz#1144d98138bbc188572109aaf8bdbf3d4d88ee2d"
  integrity sha1-EUTZgTi7wYhXIQmq+L2/PU2I7i0=
